
Microsoft Visual Studio Solution File, Format Version 12.00
# Visual Studio Version 17
VisualStudioVersion = 17.12.35707.178
MinimumVisualStudioVersion = 10.0.40219.1
Project("{FAE04EC0-301F-11D3-BF4B-00C04F79EFBC}") = "TravelManager", "TravelManager\TravelManager.csproj", "{0931D2FD-CDEC-42A9-A11F-3C2F80057C1F}"
EndProject
Project("{FAE04EC0-301F-11D3-BF4B-00C04F79EFBC}") = "ApiGateway", "ApiGateway\ApiGateway.csproj", "{C8AB6395-A1CB-4602-9A79-962C17C4DF19}"
EndProject
Global
	GlobalSection(SolutionConfigurationPlatforms) = preSolution
		Debug|Any CPU = Debug|Any CPU
		Release|Any CPU = Release|Any CPU
	EndGlobalSection
	GlobalSection(ProjectConfigurationPlatforms) = postSolution
		{0931D2FD-CDEC-42A9-A11F-3C2F80057C1F}.Debug|Any CPU.ActiveCfg = Debug|Any CPU
		{0931D2FD-CDEC-42A9-A11F-3C2F80057C1F}.Debug|Any CPU.Build.0 = Debug|Any CPU
		{0931D2FD-CDEC-42A9-A11F-3C2F80057C1F}.Release|Any CPU.ActiveCfg = Release|Any CPU
		{0931D2FD-CDEC-42A9-A11F-3C2F80057C1F}.Release|Any CPU.Build.0 = Release|Any CPU
		{C8AB6395-A1CB-4602-9A79-962C17C4DF19}.Debug|Any CPU.ActiveCfg = Debug|Any CPU
		{C8AB6395-A1CB-4602-9A79-962C17C4DF19}.Debug|Any CPU.Build.0 = Debug|Any CPU
		{C8AB6395-A1CB-4602-9A79-962C17C4DF19}.Release|Any CPU.ActiveCfg = Release|Any CPU
		{C8AB6395-A1CB-4602-9A79-962C17C4DF19}.Release|Any CPU.Build.0 = Release|Any CPU
	EndGlobalSection
	GlobalSection(SolutionProperties) = preSolution
		HideSolutionNode = FALSE
	EndGlobalSection
EndGlobal
